
Microsoft Visual Studio Solution File, Format Version 12.00
# Visual Studio Version 16
VisualStudioVersion = 16.0.31624.102
MinimumVisualStudioVersion = 10.0.40219.1
Project("{FAE04EC0-301F-11D3-BF4B-00C04F79EFBC}") = "Lab04", "Lab04\Lab04.csproj", "{F6C6F500-34F2-48B7-8071-BA7F4262CE6E}"
EndProject
Global
	GlobalSection(SolutionConfigurationPlatforms) = preSolution
		Debug|Any CPU = Debug|Any CPU
		Release|Any CPU = Release|Any CPU
	EndGlobalSection
	GlobalSection(ProjectConfigurationPlatforms) = postSolution
		{F6C6F500-34F2-48B7-8071-BA7F4262CE6E}.Debug|Any CPU.ActiveCfg = Debug|Any CPU
		{F6C6F500-34F2-48B7-8071-BA7F4262CE6E}.Debug|Any CPU.Build.0 = Debug|Any CPU
		{F6C6F500-34F2-48B7-8071-BA7F4262CE6E}.Release|Any CPU.ActiveCfg = Release|Any CPU
		{F6C6F500-34F2-48B7-8071-BA7F4262CE6E}.Release|Any CPU.Build.0 = Release|Any CPU
	EndGlobalSection
	GlobalSection(SolutionProperties) = preSolution
		HideSolutionNode = FALSE
	EndGlobalSection
	GlobalSection(ExtensibilityGlobals) = postSolution
		SolutionGuid = {3F48923E-B557-418F-88B3-9E4D77115F7C}
	EndGlobalSection
EndGlobal
